// !$*UTF8*$!
{
	archiveVersion = 1;
	classes = {
	};
	objectVersion = 55;
	objects = {

/* Begin PBXBuildFile section */
		EE308702281DBCDD00979019 /* AppDelegate.swift in Sources */ = {isa = PBXBuildFile; fileRef = EE308701281DBCDD00979019 /* AppDelegate.swift */; };
		EE308704281DBCDD00979019 /* SceneDelegate.swift in Sources */ = {isa = PBXBuildFile; fileRef = EE308703281DBCDD00979019 /* SceneDelegate.swift */; };
		EE308706281DBCDD00979019 /* ViewController.swift in Sources */ = {isa = PBXBuildFile; fileRef = EE308705281DBCDD00979019 /* ViewController.swift */; };
		EE308709281DBCDD00979019 /* Main.storyboard in Resources */ = {isa = PBXBuildFile; fileRef = EE308707281DBCDD00979019 /* Main.storyboard */; };
		EE30870B281DBCDE00979019 /* Assets.xcassets in Resources */ = {isa = PBXBuildFile; fileRef = EE30870A281DBCDE00979019 /* Assets.xcassets */; };
		EE30870E281DBCDE00979019 /* LaunchScreen.storyboard in Resources */ = {isa = PBXBuildFile; fileRef = EE30870C281DBCDE00979019 /* LaunchScreen.storyboard */; };
		EE30871C281DBD0F00979019 /* DrawingSwiftuiApp.swift in Sources */ = {isa = PBXBuildFile; fileRef = EE30871B281DBD0F00979019 /* DrawingSwiftuiApp.swift */; };
		EE30871E281DBD0F00979019 /* ContentView.swift in Sources */ = {isa = PBXBuildFile; fileRef = EE30871D281DBD0F00979019 /* ContentView.swift */; };
		EE308720281DBD1000979019 /* Assets.xcassets in Resources */ = {isa = PBXBuildFile; fileRef = EE30871F281DBD1000979019 /* Assets.xcassets */; };
		EE308723281DBD1000979019 /* Preview Assets.xcassets in Resources */ = {isa = PBXBuildFile; fileRef = EE308722281DBD1000979019 /* Preview Assets.xcassets */; };
/* End PBXBuildFile section */

/* Begin PBXFileReference section */
		EE3086FE281DBCDD00979019 /* Drawing.app */ = {isa = PBXFileReference; explicitFileType = wrapper.application; includeInIndex = 0; path = Drawing.app; sourceTree = BUILT_PRODUCTS_DIR; };
		EE308701281DBCDD00979019 /* AppDelegate.swift */ = {isa = PBXFileReference; lastKnownFileType = sourcecode.swift; path = AppDelegate.swift; sourceTree = "<group>"; };
		EE308703281DBCDD00979019 /* SceneDelegate.swift */ = {isa = PBXFileReference; lastKnownFileType = sourcecode.swift; path = SceneDelegate.swift; sourceTree = "<group>"; };
		EE308705281DBCDD00979019 /* ViewController.swift */ = {isa = PBXFileReference; lastKnownFileType = sourcecode.swift; path = ViewController.swift; sourceTree = "<group>"; };
		EE308708281DBCDD00979019 /* Base */ = {isa = PBXFileReference; lastKnownFileType = file.storyboard; name = Base; path = Base.lproj/Main.storyboard; sourceTree = "<group>"; };
		EE30870A281DBCDE00979019 /* Assets.xcassets */ = {isa = PBXFileReference; lastKnownFileType = folder.assetcatalog; path = Assets.xcassets; sourceTree = "<group>"; };
		EE30870D281DBCDE00979019 /* Base */ = {isa = PBXFileReference; lastKnownFileType = file.storyboard; name = Base; path = Base.lproj/LaunchScreen.storyboard; sourceTree = "<group>"; };
		EE30870F281DBCDE00979019 /* Info.plist */ = {isa = PBXFileReference; lastKnownFileType = text.plist.xml; path = Info.plist; sourceTree = "<group>"; };
		EE308719281DBD0F00979019 /* DrawingSwiftui.app */ = {isa = PBXFileReference; explicitFileType = wrapper.application; includeInIndex = 0; path = DrawingSwiftui.app; sourceTree = BUILT_PRODUCTS_DIR; };
		EE30871B281DBD0F00979019 /* DrawingSwiftuiApp.swift */ = {isa = PBXFileReference; lastKnownFileType = sourcecode.swift; path = DrawingSwiftuiApp.swift; sourceTree = "<group>"; };
		EE30871D281DBD0F00979019 /* ContentView.swift */ = {isa = PBXFileReference; lastKnownFileType = sourcecode.swift; path = ContentView.swift; sourceTree = "<group>"; };
		EE30871F281DBD1000979019 /* Assets.xcassets */ = {isa = PBXFileReference; lastKnownFileType = folder.assetcatalog; path = Assets.xcassets; sourceTree = "<group>"; };
		EE308722281DBD1000979019 /* Preview Assets.xcassets */ = {isa = PBXFileReference; lastKnownFileType = folder.assetcatalog; path = "Preview Assets.xcassets"; sourceTree = "<group>"; };
/* End PBXFileReference section */

/* Begin PBXFrameworksBuildPhase section */
		EE3086FB281DBCDD00979019 /* Frameworks */ = {
			isa = PBXFrameworksBuildPhase;
			buildActionMask = 2147483647;
			files = (
			);
			runOnlyForDeploymentPostprocessing = 0;
		};
		EE308716281DBD0F00979019 /* Frameworks */ = {
			isa = PBXFrameworksBuildPhase;
			buildActionMask = 2147483647;
			files = (
			);
			runOnlyForDeploymentPostprocessing = 0;
		};
/* End PBXFrameworksBuildPhase section */

/* Begin PBXGroup section */
		EE3086F5281DBCDD00979019 = {
			isa = PBXGroup;
			children = (
				EE308700281DBCDD00979019 /* Drawing */,
				EE30871A281DBD0F00979019 /* DrawingSwiftui */,
				EE3086FF281DBCDD00979019 /* Products */,
			);
			sourceTree = "<group>";
		};
		EE3086FF281DBCDD00979019 /* Products */ = {
			isa = PBXGroup;
			children = (
				EE3086FE281DBCDD00979019 /* Drawing.app */,
				EE308719281DBD0F00979019 /* DrawingSwiftui.app */,
			);
			name = Products;
			sourceTree = "<group>";
		};
		EE308700281DBCDD00979019 /* Drawing */ = {
			isa = PBXGroup;
			children = (
				EE308701281DBCDD00979019 /* AppDelegate.swift */,
				EE308703281DBCDD00979019 /* SceneDelegate.swift */,
				EE308705281DBCDD00979019 /* ViewController.swift */,
				EE308707281DBCDD00979019 /* Main.storyboard */,
				EE30870A281DBCDE00979019 /* Assets.xcassets */,
				EE30870C281DBCDE00979019 /* LaunchScreen.storyboard */,
				EE30870F281DBCDE00979019 /* Info.plist */,
			);
			path = Drawing;
			sourceTree = "<group>";
		};
		EE30871A281DBD0F00979019 /* DrawingSwiftui */ = {
			isa = PBXGroup;
			children = (
				EE30871B281DBD0F00979019 /* DrawingSwiftuiApp.swift */,
				EE30871D281DBD0F00979019 /* ContentView.swift */,
				EE30871F281DBD1000979019 /* Assets.xcassets */,
				EE308721281DBD1000979019 /* Preview Content */,
			);
			path = DrawingSwiftui;
			sourceTree = "<group>";
		};
		EE308721281DBD1000979019 /* Preview Content */ = {
			isa = PBXGroup;
			children = (
				EE308722281DBD1000979019 /* Preview Assets.xcassets */,
			);
			path = "Preview Content";
			sourceTree = "<group>";
		};
/* End PBXGroup section */

/* Begin PBXNativeTarget section */
		EE3086FD281DBCDD00979019 /* Drawing */ = {
			isa = PBXNativeTarget;
			buildConfigurationList = EE308712281DBCDE00979019 /* Build configuration list for PBXNativeTarget "Drawing" */;
			buildPhases = (
				EE3086FA281DBCDD00979019 /* Sources */,
				EE3086FB281DBCDD00979019 /* Frameworks */,
				EE3086FC281DBCDD00979019 /* Resources */,
			);
			buildRules = (
			);
			dependencies = (
			);
			name = Drawing;
			productName = Drawing;
			productReference = EE3086FE281DBCDD00979019 /* Drawing.app */;
			productType = "com.apple.product-type.application";
		};
		EE308718281DBD0F00979019 /* DrawingSwiftui */ = {
			isa = PBXNativeTarget;
			buildConfigurationList = EE308724281DBD1000979019 /* Build configuration list for PBXNativeTarget "DrawingSwiftui" */;
			buildPhases = (
				EE308715281DBD0F00979019 /* Sources */,
				EE308716281DBD0F00979019 /* Frameworks */,
				EE308717281DBD0F00979019 /* Resources */,
			);
			buildRules = (
			);
			dependencies = (
			);
			name = DrawingSwiftui;
			productName = DrawingSwiftui;
			productReference = EE308719281DBD0F00979019 /* DrawingSwiftui.app */;
			productType = "com.apple.product-type.application";
		};
/* End PBXNativeTarget section */

/* Begin PBXProject section */
		EE3086F6281DBCDD00979019 /* Project object */ = {
			isa = PBXProject;
			attributes = {
				BuildIndependentTargetsInParallel = 1;
				LastSwiftUpdateCheck = 1320;
				LastUpgradeCheck = 1320;
				TargetAttributes = {
					EE3086FD281DBCDD00979019 = {
						CreatedOnToolsVersion = 13.2.1;
					};
					EE308718281DBD0F00979019 = {
						CreatedOnToolsVersion = 13.2.1;
					};
				};
			};
			buildConfigurationList = EE3086F9281DBCDD00979019 /* Build configuration list for PBXProject "Drawing" */;
			compatibilityVersion = "Xcode 13.0";
			developmentRegion = en;
			hasScannedForEncodings = 0;
			knownRegions = (
				en,
				Base,
			);
			mainGroup = EE3086F5281DBCDD00979019;
			productRefGroup = EE3086FF281DBCDD00979019 /* Products */;
			projectDirPath = "";
			projectRoot = "";
			targets = (
				EE3086FD281DBCDD00979019 /* Drawing */,
				EE308718281DBD0F00979019 /* DrawingSwiftui */,
			);
		};
/* End PBXProject section */

/* Begin PBXResourcesBuildPhase section */
		EE3086FC281DBCDD00979019 /* Resources */ = {
			isa = PBXResourcesBuildPhase;
			buildActionMask = 2147483647;
			files = (
				EE30870E281DBCDE00979019 /* LaunchScreen.storyboard in Resources */,
				EE30870B281DBCDE00979019 /* Assets.xcassets in Resources */,
				EE308709281DBCDD00979019 /* Main.storyboard in Resources */,
			);
			runOnlyForDeploymentPostprocessing = 0;
		};
		EE308717281DBD0F00979019 /* Resources */ = {
			isa = PBXResourcesBuildPhase;
			buildActionMask = 2147483647;
			files = (
				EE308723281DBD1000979019 /* Preview Assets.xcassets in Resources */,
				EE308720281DBD1000979019 /* Assets.xcassets in Resources */,
			);
			runOnlyForDeploymentPostprocessing = 0;
		};
/* End PBXResourcesBuildPhase section */

/* Begin PBXSourcesBuildPhase section */
		EE3086FA281DBCDD00979019 /* Sources */ = {
			isa = PBXSourcesBuildPhase;
			buildActionMask = 2147483647;
			files = (
				EE308706281DBCDD00979019 /* ViewController.swift in Sources */,
				EE308702281DBCDD00979019 /* AppDelegate.swift in Sources */,
				EE308704281DBCDD00979019 /* SceneDelegate.swift in Sources */,
			);
			runOnlyForDeploymentPostprocessing = 0;
		};
		EE308715281DBD0F00979019 /* Sources */ = {
			isa = PBXSourcesBuildPhase;
			buildActionMask = 2147483647;
			files = (
				EE30871E281DBD0F00979019 /* ContentView.swift in Sources */,
				EE30871C281DBD0F00979019 /* DrawingSwiftuiApp.swift in Sources */,
			);
			runOnlyForDeploymentPostprocessing = 0;
		};
/* End PBXSourcesBuildPhase section */

/* Begin PBXVariantGroup section */
		EE308707281DBCDD00979019 /* Main.storyboard */ = {
			isa = PBXVariantGroup;
			children = (
				EE308708281DBCDD00979019 /* Base */,
			);
			name = Main.storyboard;
			sourceTree = "<group>";
		};
		EE30870C281DBCDE00979019 /* LaunchScreen.storyboard */ = {
			isa = PBXVariantGroup;
			children = (
				EE30870D281DBCDE00979019 /* Base */,
			);
			name = LaunchScreen.storyboard;
			sourceTree = "<group>";
		};
/* End PBXVariantGroup section */

/* Begin XCBuildConfiguration section */
		EE308710281DBCDE00979019 /* Debug */ = {
			isa = XCBuildConfiguration;
			buildSettings = {
				ALWAYS_SEARCH_USER_PATHS = NO;
				CLANG_ANALYZER_NONNULL = YES;
				CLANG_ANALYZER_NUMBER_OBJECT_CONVERSION = YES_AGGRESSIVE;
				CLANG_CXX_LANGUAGE_STANDARD = "gnu++17";
				CLANG_CXX_LIBRARY = "libc++";
				CLANG_ENABLE_MODULES = YES;
				CLANG_ENABLE_OBJC_ARC = YES;
				CLANG_ENABLE_OBJC_WEAK = YES;
				CLANG_WARN_BLOCK_CAPTURE_AUTORELEASING = YES;
				CLANG_WARN_BOOL_CONVERSION = YES;
				CLANG_WARN_COMMA = YES;
				CLANG_WARN_CONSTANT_CONVERSION = YES;
				CLANG_WARN_DEPRECATED_OBJC_IMPLEMENTATIONS = YES;
				CLANG_WARN_DIRECT_OBJC_ISA_USAGE = YES_ERROR;
				CLANG_WARN_DOCUMENTATION_COMMENTS = YES;
				CLANG_WARN_EMPTY_BODY = YES;
				CLANG_WARN_ENUM_CONVERSION = YES;
				CLANG_WARN_INFINITE_RECURSION = YES;
				CLANG_WARN_INT_CONVERSION = YES;
				CLANG_WARN_NON_LITERAL_NULL_CONVERSION = YES;
				CLANG_WARN_OBJC_IMPLICIT_RETAIN_SELF = YES;
				CLANG_WARN_OBJC_LITERAL_CONVERSION = YES;
				CLANG_WARN_OBJC_ROOT_CLASS = YES_ERROR;
				CLANG_WARN_QUOTED_INCLUDE_IN_FRAMEWORK_HEADER = YES;
				CLANG_WARN_RANGE_LOOP_ANALYSIS = YES;
				CLANG_WARN_STRICT_PROTOTYPES = YES;
				CLANG_WARN_SUSPICIOUS_MOVE = YES;
				CLANG_WARN_UNGUARDED_AVAILABILITY = YES_AGGRESSIVE;
				CLANG_WARN_UNREACHABLE_CODE = YES;
				CLANG_WARN__DUPLICATE_METHOD_MATCH = YES;
				COPY_PHASE_STRIP = NO;
				DEBUG_INFORMATION_FORMAT = dwarf;
				ENABLE_STRICT_OBJC_MSGSEND = YES;
				ENABLE_TESTABILITY = YES;
				GCC_C_LANGUAGE_STANDARD = gnu11;
				GCC_DYNAMIC_NO_PIC = NO;
				GCC_NO_COMMON_BLOCKS = YES;
				GCC_OPTIMIZATION_LEVEL = 0;
				GCC_PREPROCESSOR_DEFINITIONS = (
					"DEBUG=1",
					"$(inherited)",
				);
				GCC_WARN_64_TO_32_BIT_CONVERSION = YES;
				GCC_WARN_ABOUT_RETURN_TYPE = YES_ERROR;
				GCC_WARN_UNDECLARED_SELECTOR = YES;
				GCC_WARN_UNINITIALIZED_AUTOS = YES_AGGRESSIVE;
				GCC_WARN_UNUSED_FUNCTION = YES;
				GCC_WARN_UNUSED_VARIABLE = YES;
				IPHONEOS_DEPLOYMENT_TARGET = 15.2;
				MTL_ENABLE_DEBUG_INFO = INCLUDE_SOURCE;
				MTL_FAST_MATH = YES;
				ONLY_ACTIVE_ARCH = YES;
				SDKROOT = iphoneos;
				SWIFT_ACTIVE_COMPILATION_CONDITIONS = DEBUG;
				SWIFT_OPTIMIZATION_LEVEL = "-Onone";
			};
			name = Debug;
		};
		EE308711281DBCDE00979019 /* Release */ = {
			isa = XCBuildConfiguration;
			buildSettings = {
				ALWAYS_SEARCH_USER_PATHS = NO;
				CLANG_ANALYZER_NONNULL = YES;
				CLANG_ANALYZER_NUMBER_OBJECT_CONVERSION = YES_AGGRESSIVE;
				CLANG_CXX_LANGUAGE_STANDARD = "gnu++17";
				CLANG_CXX_LIBRARY = "libc++";
				CLANG_ENABLE_MODULES = YES;
				CLANG_ENABLE_OBJC_ARC = YES;
				CLANG_ENABLE_OBJC_WEAK = YES;
				CLANG_WARN_BLOCK_CAPTURE_AUTORELEASING = YES;
				CLANG_WARN_BOOL_CONVERSION = YES;
				CLANG_WARN_COMMA = YES;
				CLANG_WARN_CONSTANT_CONVERSION = YES;
				CLANG_WARN_DEPRECATED_OBJC_IMPLEMENTATIONS = YES;
				CLANG_WARN_DIRECT_OBJC_ISA_USAGE = YES_ERROR;
				CLANG_WARN_DOCUMENTATION_COMMENTS = YES;
				CLANG_WARN_EMPTY_BODY = YES;
				CLANG_WARN_ENUM_CONVERSION = YES;
				CLANG_WARN_INFINITE_RECURSION = YES;
				CLANG_WARN_INT_CONVERSION = YES;
				CLANG_WARN_NON_LITERAL_NULL_CONVERSION = YES;
				CLANG_WARN_OBJC_IMPLICIT_RETAIN_SELF = YES;
				CLANG_WARN_OBJC_LITERAL_CONVERSION = YES;
				CLANG_WARN_OBJC_ROOT_CLASS = YES_ERROR;
				CLANG_WARN_QUOTED_INCLUDE_IN_FRAMEWORK_HEADER = YES;
				CLANG_WARN_RANGE_LOOP_ANALYSIS = YES;
				CLANG_WARN_STRICT_PROTOTYPES = YES;
				CLANG_WARN_SUSPICIOUS_MOVE = YES;
				CLANG_WARN_UNGUARDED_AVAILABILITY = YES_AGGRESSIVE;
				CLANG_WARN_UNREACHABLE_CODE = YES;
				CLANG_WARN__DUPLICATE_METHOD_MATCH = YES;
				COPY_PHASE_STRIP = NO;
				DEBUG_INFORMATION_FORMAT = "dwarf-with-dsym";
				ENABLE_NS_ASSERTIONS = NO;
				ENABLE_STRICT_OBJC_MSGSEND = YES;
				GCC_C_LANGUAGE_STANDARD = gnu11;
				GCC_NO_COMMON_BLOCKS = YES;
				GCC_WARN_64_TO_32_BIT_CONVERSION = YES;
				GCC_WARN_ABOUT_RETURN_TYPE = YES_ERROR;
				GCC_WARN_UNDECLARED_SELECTOR = YES;
				GCC_WARN_UNINITIALIZED_AUTOS = YES_AGGRESSIVE;
				GCC_WARN_UNUSED_FUNCTION = YES;
				GCC_WARN_UNUSED_VARIABLE = YES;
				IPHONEOS_DEPLOYMENT_TARGET = 15.2;
				MTL_ENABLE_DEBUG_INFO = NO;
				MTL_FAST_MATH = YES;
				SDKROOT = iphoneos;
				SWIFT_COMPILATION_MODE = wholemodule;
				SWIFT_OPTIMIZATION_LEVEL = "-O";
				VALIDATE_PRODUCT = YES;
			};
			name = Release;
		};
		EE308713281DBCDE00979019 /* Debug */ = {
			isa = XCBuildConfiguration;
			buildSettings = {
				ASSETCATALOG_COMPILER_APPICON_NAME = AppIcon;
				ASSETCATALOG_COMPILER_GLOBAL_ACCENT_COLOR_NAME = AccentColor;
				CODE_SIGN_STYLE = Automatic;
				CURRENT_PROJECT_VERSION = 1;
				DEVELOPMENT_TEAM = QQSG7S4P3W;
				GENERATE_INFOPLIST_FILE = YES;
				INFOPLIST_FILE = Drawing/Info.plist;
				INFOPLIST_KEY_UIApplicationSupportsIndirectInputEvents = YES;
				INFOPLIST_KEY_UILaunchStoryboardName = LaunchScreen;
				INFOPLIST_KEY_UIMainStoryboardFile = Main;
				INFOPLIST_KEY_UISupportedInterfaceOrientations_iPad = "UIInterfaceOrientationPortrait UIInterfaceOrientationPortraitUpsideDown UIInterfaceOrientationLandscapeLeft UIInterfaceOrientationLandscapeRight";
				INFOPLIST_KEY_UISupportedInterfaceOrientations_iPhone = "UIInterfaceOrientationPortrait UIInterfaceOrientationLandscapeLeft UIInterfaceOrientationLandscapeRight";
				LD_RUNPATH_SEARCH_PATHS = (
					"$(inherited)",
					"@executable_path/Frameworks",
				);
				MARKETING_VERSION = 1.0;
				PRODUCT_BUNDLE_IDENTIFIER = PolozovSV.Drawing;
				PRODUCT_NAME = "$(TARGET_NAME)";
				SWIFT_EMIT_LOC_STRINGS = YES;
				SWIFT_VERSION = 5.0;
				TARGETED_DEVICE_FAMILY = "1,2";
			};
			name = Debug;
		};
		EE308714281DBCDE00979019 /* Release */ = {
			isa = XCBuildConfiguration;
			buildSettings = {
				ASSETCATALOG_COMPILER_APPICON_NAME = AppIcon;
				ASSETCATALOG_COMPILER_GLOBAL_ACCENT_COLOR_NAME = AccentColor;
				CODE_SIGN_STYLE = Automatic;
				CURRENT_PROJECT_VERSION = 1;
				DEVELOPMENT_TEAM = QQSG7S4P3W;
				GENERATE_INFOPLIST_FILE = YES;
				INFOPLIST_FILE = Drawing/Info.plist;
				INFOPLIST_KEY_UIApplicationSupportsIndirectInputEvents = YES;
				INFOPLIST_KEY_UILaunchStoryboardName = LaunchScreen;
				INFOPLIST_KEY_UIMainStoryboardFile = Main;
				INFOPLIST_KEY_UISupportedInterfaceOrientations_iPad = "UIInterfaceOrientationPortrait UIInterfaceOrientationPortraitUpsideDown UIInterfaceOrientationLandscapeLeft UIInterfaceOrientationLandscapeRight";
				INFOPLIST_KEY_UISupportedInterfaceOrientations_iPhone = "UIInterfaceOrientationPortrait UIInterfaceOrientationLandscapeLeft UIInterfaceOrientationLandscapeRight";
				LD_RUNPATH_SEARCH_PATHS = (
					"$(inherited)",
					"@executable_path/Frameworks",
				);
				MARKETING_VERSION = 1.0;
				PRODUCT_BUNDLE_IDENTIFIER = PolozovSV.Drawing;
				PRODUCT_NAME = "$(TARGET_NAME)";
				SWIFT_EMIT_LOC_STRINGS = YES;
				SWIFT_VERSION = 5.0;
				TARGETED_DEVICE_FAMILY = "1,2";
			};
			name = Release;
		};
		EE308725281DBD1000979019 /* Debug */ = {
			isa = XCBuildConfiguration;
			buildSettings = {
				ASSETCATALOG_COMPILER_APPICON_NAME = AppIcon;
				ASSETCATALOG_COMPILER_GLOBAL_ACCENT_COLOR_NAME = AccentColor;
				CODE_SIGN_STYLE = Automatic;
				CURRENT_PROJECT_VERSION = 1;
				DEVELOPMENT_ASSET_PATHS = "\"DrawingSwiftui/Preview Content\"";
				DEVELOPMENT_TEAM = QQSG7S4P3W;
				ENABLE_PREVIEWS = YES;
				GENERATE_INFOPLIST_FILE = YES;
				INFOPLIST_KEY_UIApplicationSceneManifest_Generation = YES;
				INFOPLIST_KEY_UIApplicationSupportsIndirectInputEvents = YES;
				INFOPLIST_KEY_UILaunchScreen_Generation = YES;
				INFOPLIST_KEY_UISupportedInterfaceOrientations_iPad = "UIInterfaceOrientationPortrait UIInterfaceOrientationPortraitUpsideDown UIInterfaceOrientationLandscapeLeft UIInterfaceOrientationLandscapeRight";
				INFOPLIST_KEY_UISupportedInterfaceOrientations_iPhone = "UIInterfaceOrientationPortrait UIInterfaceOrientationLandscapeLeft UIInterfaceOrientationLandscapeRight";
				LD_RUNPATH_SEARCH_PATHS = (
					"$(inherited)",
					"@executable_path/Frameworks",
				);
				MARKETING_VERSION = 1.0;
				PRODUCT_BUNDLE_IDENTIFIER = PolozovSV.DrawingSwiftui;
				PRODUCT_NAME = "$(TARGET_NAME)";
				SWIFT_EMIT_LOC_STRINGS = YES;
				SWIFT_VERSION = 5.0;
				TARGETED_DEVICE_FAMILY = "1,2";
			};
			name = Debug;
		};
		EE308726281DBD1000979019 /* Release */ = {
			isa = XCBuildConfiguration;
			buildSettings = {
				ASSETCATALOG_COMPILER_APPICON_NAME = AppIcon;
				ASSETCATALOG_COMPILER_GLOBAL_ACCENT_COLOR_NAME = AccentColor;
				CODE_SIGN_STYLE = Automatic;
				CURRENT_PROJECT_VERSION = 1;
				DEVELOPMENT_ASSET_PATHS = "\"DrawingSwiftui/Preview Content\"";
				DEVELOPMENT_TEAM = QQSG7S4P3W;
				ENABLE_PREVIEWS = YES;
				GENERATE_INFOPLIST_FILE = YES;
				INFOPLIST_KEY_UIApplicationSceneManifest_Generation = YES;
				INFOPLIST_KEY_UIApplicationSupportsIndirectInputEvents = YES;
				INFOPLIST_KEY_UILaunchScreen_Generation = YES;
				INFOPLIST_KEY_UISupportedInterfaceOrientations_iPad = "UIInterfaceOrientationPortrait UIInterfaceOrientationPortraitUpsideDown UIInterfaceOrientationLandscapeLeft UIInterfaceOrientationLandscapeRight";
				INFOPLIST_KEY_UISupportedInterfaceOrientations_iPhone = "UIInterfaceOrientationPortrait UIInterfaceOrientationLandscapeLeft UIInterfaceOrientationLandscapeRight";
				LD_RUNPATH_SEARCH_PATHS = (
					"$(inherited)",
					"@executable_path/Frameworks",
				);
				MARKETING_VERSION = 1.0;
				PRODUCT_BUNDLE_IDENTIFIER = PolozovSV.DrawingSwiftui;
				PRODUCT_NAME = "$(TARGET_NAME)";
				SWIFT_EMIT_LOC_STRINGS = YES;
				SWIFT_VERSION = 5.0;
				TARGETED_DEVICE_FAMILY = "1,2";
			};
			name = Release;
		};
/* End XCBuildConfiguration section */

/* Begin XCConfigurationList section */
		EE3086F9281DBCDD00979019 /* Build configuration list for PBXProject "Drawing" */ = {
			isa = XCConfigurationList;
			buildConfigurations = (
				EE308710281DBCDE00979019 /* Debug */,
				EE308711281DBCDE00979019 /* Release */,
			);
			defaultConfigurationIsVisible = 0;
			defaultConfigurationName = Release;
		};
		EE308712281DBCDE00979019 /* Build configuration list for PBXNativeTarget "Drawing" */ = {
			isa = XCConfigurationList;
			buildConfigurations = (
				EE308713281DBCDE00979019 /* Debug */,
				EE308714281DBCDE00979019 /* Release */,
			);
			defaultConfigurationIsVisible = 0;
			defaultConfigurationName = Release;
		};
		EE308724281DBD1000979019 /* Build configuration list for PBXNativeTarget "DrawingSwiftui" */ = {
			isa = XCConfigurationList;
			buildConfigurations = (
				EE308725281DBD1000979019 /* Debug */,
				EE308726281DBD1000979019 /* Release */,
			);
			defaultConfigurationIsVisible = 0;
			defaultConfigurationName = Release;
		};
/* End XCConfigurationList section */
	};
	rootObject = EE3086F6281DBCDD00979019 /* Project object */;
}
